// !$*UTF8*$!
{
	archiveVersion = 1;
	classes = {
	};
	objectVersion = 55;
	objects = {

/* Begin PBXBuildFile section */
		952E277728F4925D00E363C5 /* SearchViewController.swift in Sources */ = {isa = PBXBuildFile; fileRef = 952E277628F4925D00E363C5 /* SearchViewController.swift */; };
		958E7E2328F49F4A00C59C32 /* AFNetworking in Frameworks */ = {isa = PBXBuildFile; productRef = 958E7E2228F49F4A00C59C32 /* AFNetworking */; };
		958E7E2628F4A2D900C59C32 /* Alamofire in Frameworks */ = {isa = PBXBuildFile; productRef = 958E7E2528F4A2D900C59C32 /* Alamofire */; };
		958E7E2828F4A43300C59C32 /* Connectivity.swift in Sources */ = {isa = PBXBuildFile; fileRef = 958E7E2728F4A43300C59C32 /* Connectivity.swift */; };
		958E7E2A28F4B81700C59C32 /* MovieTableViewCell.swift in Sources */ = {isa = PBXBuildFile; fileRef = 958E7E2928F4B81700C59C32 /* MovieTableViewCell.swift */; };
		958E7E2E28F53EED00C59C32 /* Movie.swift in Sources */ = {isa = PBXBuildFile; fileRef = 958E7E2D28F53EED00C59C32 /* Movie.swift */; };
		958E7E3028F5E58200C59C32 /* MovieResult_test.swift in Sources */ = {isa = PBXBuildFile; fileRef = 958E7E2F28F5E58200C59C32 /* MovieResult_test.swift */; };
		958E7E3228F5E73700C59C32 /* Service.swift in Sources */ = {isa = PBXBuildFile; fileRef = 958E7E3128F5E73700C59C32 /* Service.swift */; };
		958E7E3428F681E900C59C32 /* DetailViewController.swift in Sources */ = {isa = PBXBuildFile; fileRef = 958E7E3328F681E900C59C32 /* DetailViewController.swift */; };
		958E7E3628F75E3400C59C32 /* Constants.swift in Sources */ = {isa = PBXBuildFile; fileRef = 958E7E3528F75E3400C59C32 /* Constants.swift */; };
		958E7E3828F852D000C59C32 /* LoadingViewController.swift in Sources */ = {isa = PBXBuildFile; fileRef = 958E7E3728F852D000C59C32 /* LoadingViewController.swift */; };
		958E7E3A28F887FA00C59C32 /* Starjedi.ttf in Resources */ = {isa = PBXBuildFile; fileRef = 958E7E3928F887FA00C59C32 /* Starjedi.ttf */; };
		958E7E3C28F8883300C59C32 /* UIFont.swift in Sources */ = {isa = PBXBuildFile; fileRef = 958E7E3B28F8883300C59C32 /* UIFont.swift */; };
		958E7E3E28F889F000C59C32 /* ErrorViewController.swift in Sources */ = {isa = PBXBuildFile; fileRef = 958E7E3D28F889EF00C59C32 /* ErrorViewController.swift */; };
		958E7E4028F89F5E00C59C32 /* StartSearchView.swift in Sources */ = {isa = PBXBuildFile; fileRef = 958E7E3F28F89F5E00C59C32 /* StartSearchView.swift */; };
		95AC4CD028F4778F009C2063 /* AppDelegate.swift in Sources */ = {isa = PBXBuildFile; fileRef = 95AC4CCF28F4778F009C2063 /* AppDelegate.swift */; };
		95AC4CD228F4778F009C2063 /* SceneDelegate.swift in Sources */ = {isa = PBXBuildFile; fileRef = 95AC4CD128F4778F009C2063 /* SceneDelegate.swift */; };
		95AC4CD428F4778F009C2063 /* ViewController.swift in Sources */ = {isa = PBXBuildFile; fileRef = 95AC4CD328F4778F009C2063 /* ViewController.swift */; };
		95AC4CD728F4778F009C2063 /* Main.storyboard in Resources */ = {isa = PBXBuildFile; fileRef = 95AC4CD528F4778F009C2063 /* Main.storyboard */; };
		95AC4CDA28F4778F009C2063 /* MovieCaseStudy.xcdatamodeld in Sources */ = {isa = PBXBuildFile; fileRef = 95AC4CD828F4778F009C2063 /* MovieCaseStudy.xcdatamodeld */; };
		95AC4CDC28F47790009C2063 /* Assets.xcassets in Resources */ = {isa = PBXBuildFile; fileRef = 95AC4CDB28F47790009C2063 /* Assets.xcassets */; };
		95AC4CDF28F47790009C2063 /* LaunchScreen.storyboard in Resources */ = {isa = PBXBuildFile; fileRef = 95AC4CDD28F47790009C2063 /* LaunchScreen.storyboard */; };
		95AC4CEC28F47B9A009C2063 /* GoogleService-Info.plist in Resources */ = {isa = PBXBuildFile; fileRef = 95AC4CEB28F47B9A009C2063 /* GoogleService-Info.plist */; };
		95AC4CEF28F47CA5009C2063 /* FirebaseAnalytics in Frameworks */ = {isa = PBXBuildFile; productRef = 95AC4CEE28F47CA5009C2063 /* FirebaseAnalytics */; };
		95AC4CF128F47CA5009C2063 /* FirebaseAnalyticsOnDeviceConversion in Frameworks */ = {isa = PBXBuildFile; productRef = 95AC4CF028F47CA5009C2063 /* FirebaseAnalyticsOnDeviceConversion */; };
		95AC4CF328F47CA5009C2063 /* FirebaseAnalyticsSwift in Frameworks */ = {isa = PBXBuildFile; productRef = 95AC4CF228F47CA5009C2063 /* FirebaseAnalyticsSwift */; };
		95AC4CF528F47CA5009C2063 /* FirebaseAnalyticsWithoutAdIdSupport in Frameworks */ = {isa = PBXBuildFile; productRef = 95AC4CF428F47CA5009C2063 /* FirebaseAnalyticsWithoutAdIdSupport */; };
		95AC4CF728F47CA5009C2063 /* FirebaseInAppMessagingSwift-Beta in Frameworks */ = {isa = PBXBuildFile; productRef = 95AC4CF628F47CA5009C2063 /* FirebaseInAppMessagingSwift-Beta */; };
		95AC4CF928F47CA5009C2063 /* FirebaseMessaging in Frameworks */ = {isa = PBXBuildFile; productRef = 95AC4CF828F47CA5009C2063 /* FirebaseMessaging */; };
		95AC4CFB28F47CA5009C2063 /* FirebaseRemoteConfig in Frameworks */ = {isa = PBXBuildFile; productRef = 95AC4CFA28F47CA5009C2063 /* FirebaseRemoteConfig */; };
		95AC4CFD28F47CA5009C2063 /* FirebaseRemoteConfigSwift in Frameworks */ = {isa = PBXBuildFile; productRef = 95AC4CFC28F47CA5009C2063 /* FirebaseRemoteConfigSwift */; };
		95AC4D0028F47EF9009C2063 /* RcValues.swift in Sources */ = {isa = PBXBuildFile; fileRef = 95AC4CFF28F47EF9009C2063 /* RcValues.swift */; };
		95AC4D0228F48A8E009C2063 /* SplashViewController.swift in Sources */ = {isa = PBXBuildFile; fileRef = 95AC4D0128F48A8E009C2063 /* SplashViewController.swift */; };
/* End PBXBuildFile section */

/* Begin PBXFileReference section */
		952E277628F4925D00E363C5 /* SearchViewController.swift */ = {isa = PBXFileReference; lastKnownFileType = sourcecode.swift; path = SearchViewController.swift; sourceTree = "<group>"; };
		958E7E2728F4A43300C59C32 /* Connectivity.swift */ = {isa = PBXFileReference; lastKnownFileType = sourcecode.swift; path = Connectivity.swift; sourceTree = "<group>"; };
		958E7E2928F4B81700C59C32 /* MovieTableViewCell.swift */ = {isa = PBXFileReference; lastKnownFileType = sourcecode.swift; path = MovieTableViewCell.swift; sourceTree = "<group>"; };
		958E7E2D28F53EED00C59C32 /* Movie.swift */ = {isa = PBXFileReference; lastKnownFileType = sourcecode.swift; path = Movie.swift; sourceTree = "<group>"; };
		958E7E2F28F5E58200C59C32 /* MovieResult_test.swift */ = {isa = PBXFileReference; lastKnownFileType = sourcecode.swift; path = MovieResult_test.swift; sourceTree = "<group>"; };
		958E7E3128F5E73700C59C32 /* Service.swift */ = {isa = PBXFileReference; lastKnownFileType = sourcecode.swift; path = Service.swift; sourceTree = "<group>"; };
		958E7E3328F681E900C59C32 /* DetailViewController.swift */ = {isa = PBXFileReference; lastKnownFileType = sourcecode.swift; path = DetailViewController.swift; sourceTree = "<group>"; };
		958E7E3528F75E3400C59C32 /* Constants.swift */ = {isa = PBXFileReference; lastKnownFileType = sourcecode.swift; path = Constants.swift; sourceTree = "<group>"; };
		958E7E3728F852D000C59C32 /* LoadingViewController.swift */ = {isa = PBXFileReference; lastKnownFileType = sourcecode.swift; path = LoadingViewController.swift; sourceTree = "<group>"; };
		958E7E3928F887FA00C59C32 /* Starjedi.ttf */ = {isa = PBXFileReference; lastKnownFileType = file; path = Starjedi.ttf; sourceTree = "<group>"; };
		958E7E3B28F8883300C59C32 /* UIFont.swift */ = {isa = PBXFileReference; lastKnownFileType = sourcecode.swift; path = UIFont.swift; sourceTree = "<group>"; };
		958E7E3D28F889EF00C59C32 /* ErrorViewController.swift */ = {isa = PBXFileReference; lastKnownFileType = sourcecode.swift; path = ErrorViewController.swift; sourceTree = "<group>"; };
		958E7E3F28F89F5E00C59C32 /* StartSearchView.swift */ = {isa = PBXFileReference; lastKnownFileType = sourcecode.swift; path = StartSearchView.swift; sourceTree = "<group>"; };
		95AC4CCC28F4778F009C2063 /* MovieCaseStudy.app */ = {isa = PBXFileReference; explicitFileType = wrapper.application; includeInIndex = 0; path = MovieCaseStudy.app; sourceTree = BUILT_PRODUCTS_DIR; };
		95AC4CCF28F4778F009C2063 /* AppDelegate.swift */ = {isa = PBXFileReference; lastKnownFileType = sourcecode.swift; path = AppDelegate.swift; sourceTree = "<group>"; };
		95AC4CD128F4778F009C2063 /* SceneDelegate.swift */ = {isa = PBXFileReference; lastKnownFileType = sourcecode.swift; path = SceneDelegate.swift; sourceTree = "<group>"; };
		95AC4CD328F4778F009C2063 /* ViewController.swift */ = {isa = PBXFileReference; lastKnownFileType = sourcecode.swift; path = ViewController.swift; sourceTree = "<group>"; };
		95AC4CD628F4778F009C2063 /* Base */ = {isa = PBXFileReference; lastKnownFileType = file.storyboard; name = Base; path = Base.lproj/Main.storyboard; sourceTree = "<group>"; };
		95AC4CD928F4778F009C2063 /* MovieCaseStudy.xcdatamodel */ = {isa = PBXFileReference; lastKnownFileType = wrapper.xcdatamodel; path = MovieCaseStudy.xcdatamodel; sourceTree = "<group>"; };
		95AC4CDB28F47790009C2063 /* Assets.xcassets */ = {isa = PBXFileReference; lastKnownFileType = folder.assetcatalog; path = Assets.xcassets; sourceTree = "<group>"; };
		95AC4CDE28F47790009C2063 /* Base */ = {isa = PBXFileReference; lastKnownFileType = file.storyboard; name = Base; path = Base.lproj/LaunchScreen.storyboard; sourceTree = "<group>"; };
		95AC4CE028F47790009C2063 /* Info.plist */ = {isa = PBXFileReference; lastKnownFileType = text.plist.xml; path = Info.plist; sourceTree = "<group>"; };
		95AC4CEB28F47B9A009C2063 /* GoogleService-Info.plist */ = {isa = PBXFileReference; fileEncoding = 4; lastKnownFileType = text.plist.xml; path = "GoogleService-Info.plist"; sourceTree = "<group>"; };
		95AC4CFF28F47EF9009C2063 /* RcValues.swift */ = {isa = PBXFileReference; lastKnownFileType = sourcecode.swift; path = RcValues.swift; sourceTree = "<group>"; };
		95AC4D0128F48A8E009C2063 /* SplashViewController.swift */ = {isa = PBXFileReference; lastKnownFileType = sourcecode.swift; path = SplashViewController.swift; sourceTree = "<group>"; };
/* End PBXFileReference section */

/* Begin PBXFrameworksBuildPhase section */
		95AC4CC928F4778F009C2063 /* Frameworks */ = {
			isa = PBXFrameworksBuildPhase;
			buildActionMask = 2147483647;
			files = (
				95AC4CF928F47CA5009C2063 /* FirebaseMessaging in Frameworks */,
				95AC4CFD28F47CA5009C2063 /* FirebaseRemoteConfigSwift in Frameworks */,
				95AC4CF328F47CA5009C2063 /* FirebaseAnalyticsSwift in Frameworks */,
				95AC4CEF28F47CA5009C2063 /* FirebaseAnalytics in Frameworks */,
				95AC4CFB28F47CA5009C2063 /* FirebaseRemoteConfig in Frameworks */,
				958E7E2628F4A2D900C59C32 /* Alamofire in Frameworks */,
				95AC4CF728F47CA5009C2063 /* FirebaseInAppMessagingSwift-Beta in Frameworks */,
				95AC4CF128F47CA5009C2063 /* FirebaseAnalyticsOnDeviceConversion in Frameworks */,
				95AC4CF528F47CA5009C2063 /* FirebaseAnalyticsWithoutAdIdSupport in Frameworks */,
				958E7E2328F49F4A00C59C32 /* AFNetworking in Frameworks */,
			);
			runOnlyForDeploymentPostprocessing = 0;
		};
/* End PBXFrameworksBuildPhase section */

/* Begin PBXGroup section */
		95AC4CC328F4778F009C2063 = {
			isa = PBXGroup;
			children = (
				95AC4CCE28F4778F009C2063 /* MovieCaseStudy */,
				95AC4CCD28F4778F009C2063 /* Products */,
			);
			sourceTree = "<group>";
		};
		95AC4CCD28F4778F009C2063 /* Products */ = {
			isa = PBXGroup;
			children = (
				95AC4CCC28F4778F009C2063 /* MovieCaseStudy.app */,
			);
			name = Products;
			sourceTree = "<group>";
		};
		95AC4CCE28F4778F009C2063 /* MovieCaseStudy */ = {
			isa = PBXGroup;
			children = (
				95AC4CFE28F47EE5009C2063 /* Utilities */,
				95AC4CE628F477FC009C2063 /* Models */,
				95AC4CEA28F4783D009C2063 /* Resources */,
				95AC4CE828F4780B009C2063 /* Controllers */,
				95AC4CE728F47804009C2063 /* Views */,
				958E7E3928F887FA00C59C32 /* Starjedi.ttf */,
				95AC4CE028F47790009C2063 /* Info.plist */,
				95AC4CEB28F47B9A009C2063 /* GoogleService-Info.plist */,
				95AC4CD828F4778F009C2063 /* MovieCaseStudy.xcdatamodeld */,
				958E7E3128F5E73700C59C32 /* Service.swift */,
			);
			path = MovieCaseStudy;
			sourceTree = "<group>";
		};
		95AC4CE628F477FC009C2063 /* Models */ = {
			isa = PBXGroup;
			children = (
				958E7E2D28F53EED00C59C32 /* Movie.swift */,
				958E7E2F28F5E58200C59C32 /* MovieResult_test.swift */,
			);
			path = Models;
			sourceTree = "<group>";
		};
		95AC4CE728F47804009C2063 /* Views */ = {
			isa = PBXGroup;
			children = (
				958E7E3F28F89F5E00C59C32 /* StartSearchView.swift */,
				958E7E2928F4B81700C59C32 /* MovieTableViewCell.swift */,
				95AC4CD528F4778F009C2063 /* Main.storyboard */,
				95AC4CDD28F47790009C2063 /* LaunchScreen.storyboard */,
				95AC4CDB28F47790009C2063 /* Assets.xcassets */,
			);
			path = Views;
			sourceTree = "<group>";
		};
		95AC4CE828F4780B009C2063 /* Controllers */ = {
			isa = PBXGroup;
			children = (
				95AC4CD328F4778F009C2063 /* ViewController.swift */,
				95AC4D0128F48A8E009C2063 /* SplashViewController.swift */,
				952E277628F4925D00E363C5 /* SearchViewController.swift */,
				958E7E3328F681E900C59C32 /* DetailViewController.swift */,
				958E7E3728F852D000C59C32 /* LoadingViewController.swift */,
				958E7E3D28F889EF00C59C32 /* ErrorViewController.swift */,
			);
			path = Controllers;
			sourceTree = "<group>";
		};
		95AC4CEA28F4783D009C2063 /* Resources */ = {
			isa = PBXGroup;
			children = (
				95AC4CCF28F4778F009C2063 /* AppDelegate.swift */,
				95AC4CD128F4778F009C2063 /* SceneDelegate.swift */,
			);
			path = Resources;
			sourceTree = "<group>";
		};
		95AC4CFE28F47EE5009C2063 /* Utilities */ = {
			isa = PBXGroup;
			children = (
				95AC4CFF28F47EF9009C2063 /* RcValues.swift */,
				958E7E2728F4A43300C59C32 /* Connectivity.swift */,
				958E7E3528F75E3400C59C32 /* Constants.swift */,
				958E7E3B28F8883300C59C32 /* UIFont.swift */,
			);
			path = Utilities;
			sourceTree = "<group>";
		};
/* End PBXGroup section */

/* Begin PBXNativeTarget section */
		95AC4CCB28F4778F009C2063 /* MovieCaseStudy */ = {
			isa = PBXNativeTarget;
			buildConfigurationList = 95AC4CE328F47790009C2063 /* Build configuration list for PBXNativeTarget "MovieCaseStudy" */;
			buildPhases = (
				95AC4CC828F4778F009C2063 /* Sources */,
				95AC4CC928F4778F009C2063 /* Frameworks */,
				95AC4CCA28F4778F009C2063 /* Resources */,
			);
			buildRules = (
			);
			dependencies = (
			);
			name = MovieCaseStudy;
			packageProductDependencies = (
				95AC4CEE28F47CA5009C2063 /* FirebaseAnalytics */,
				95AC4CF028F47CA5009C2063 /* FirebaseAnalyticsOnDeviceConversion */,
				95AC4CF228F47CA5009C2063 /* FirebaseAnalyticsSwift */,
				95AC4CF428F47CA5009C2063 /* FirebaseAnalyticsWithoutAdIdSupport */,
				95AC4CF628F47CA5009C2063 /* FirebaseInAppMessagingSwift-Beta */,
				95AC4CF828F47CA5009C2063 /* FirebaseMessaging */,
				95AC4CFA28F47CA5009C2063 /* FirebaseRemoteConfig */,
				95AC4CFC28F47CA5009C2063 /* FirebaseRemoteConfigSwift */,
				958E7E2228F49F4A00C59C32 /* AFNetworking */,
				958E7E2528F4A2D900C59C32 /* Alamofire */,
			);
			productName = MovieCaseStudy;
			productReference = 95AC4CCC28F4778F009C2063 /* MovieCaseStudy.app */;
			productType = "com.apple.product-type.application";
		};
/* End PBXNativeTarget section */

/* Begin PBXProject section */
		95AC4CC428F4778F009C2063 /* Project object */ = {
			isa = PBXProject;
			attributes = {
				BuildIndependentTargetsInParallel = 1;
				LastSwiftUpdateCheck = 1320;
				LastUpgradeCheck = 1320;
				TargetAttributes = {
					95AC4CCB28F4778F009C2063 = {
						CreatedOnToolsVersion = 13.2.1;
					};
				};
			};
			buildConfigurationList = 95AC4CC728F4778F009C2063 /* Build configuration list for PBXProject "MovieCaseStudy" */;
			compatibilityVersion = "Xcode 13.0";
			developmentRegion = en;
			hasScannedForEncodings = 0;
			knownRegions = (
				en,
				Base,
			);
			mainGroup = 95AC4CC328F4778F009C2063;
			packageReferences = (
				95AC4CED28F47CA5009C2063 /* XCRemoteSwiftPackageReference "firebase-ios-sdk" */,
				958E7E2128F49F4A00C59C32 /* XCRemoteSwiftPackageReference "AFNetworking" */,
				958E7E2428F4A2D900C59C32 /* XCRemoteSwiftPackageReference "Alamofire" */,
			);
			productRefGroup = 95AC4CCD28F4778F009C2063 /* Products */;
			projectDirPath = "";
			projectRoot = "";
			targets = (
				95AC4CCB28F4778F009C2063 /* MovieCaseStudy */,
			);
		};
/* End PBXProject section */

/* Begin PBXResourcesBuildPhase section */
		95AC4CCA28F4778F009C2063 /* Resources */ = {
			isa = PBXResourcesBuildPhase;
			buildActionMask = 2147483647;
			files = (
				95AC4CDF28F47790009C2063 /* LaunchScreen.storyboard in Resources */,
				95AC4CDC28F47790009C2063 /* Assets.xcassets in Resources */,
				95AC4CEC28F47B9A009C2063 /* GoogleService-Info.plist in Resources */,
				958E7E3A28F887FA00C59C32 /* Starjedi.ttf in Resources */,
				95AC4CD728F4778F009C2063 /* Main.storyboard in Resources */,
			);
			runOnlyForDeploymentPostprocessing = 0;
		};
/* End PBXResourcesBuildPhase section */

/* Begin PBXSourcesBuildPhase section */
		95AC4CC828F4778F009C2063 /* Sources */ = {
			isa = PBXSourcesBuildPhase;
			buildActionMask = 2147483647;
			files = (
				95AC4CDA28F4778F009C2063 /* MovieCaseStudy.xcdatamodeld in Sources */,
				952E277728F4925D00E363C5 /* SearchViewController.swift in Sources */,
				958E7E3828F852D000C59C32 /* LoadingViewController.swift in Sources */,
				958E7E4028F89F5E00C59C32 /* StartSearchView.swift in Sources */,
				958E7E2A28F4B81700C59C32 /* MovieTableViewCell.swift in Sources */,
				95AC4CD428F4778F009C2063 /* ViewController.swift in Sources */,
				95AC4D0028F47EF9009C2063 /* RcValues.swift in Sources */,
				958E7E2828F4A43300C59C32 /* Connectivity.swift in Sources */,
				958E7E3028F5E58200C59C32 /* MovieResult_test.swift in Sources */,
				95AC4D0228F48A8E009C2063 /* SplashViewController.swift in Sources */,
				95AC4CD028F4778F009C2063 /* AppDelegate.swift in Sources */,
				958E7E3228F5E73700C59C32 /* Service.swift in Sources */,
				958E7E2E28F53EED00C59C32 /* Movie.swift in Sources */,
				958E7E3C28F8883300C59C32 /* UIFont.swift in Sources */,
				958E7E3628F75E3400C59C32 /* Constants.swift in Sources */,
				95AC4CD228F4778F009C2063 /* SceneDelegate.swift in Sources */,
				958E7E3E28F889F000C59C32 /* ErrorViewController.swift in Sources */,
				958E7E3428F681E900C59C32 /* DetailViewController.swift in Sources */,
			);
			runOnlyForDeploymentPostprocessing = 0;
		};
/* End PBXSourcesBuildPhase section */

/* Begin PBXVariantGroup section */
		95AC4CD528F4778F009C2063 /* Main.storyboard */ = {
			isa = PBXVariantGroup;
			children = (
				95AC4CD628F4778F009C2063 /* Base */,
			);
			name = Main.storyboard;
			sourceTree = "<group>";
		};
		95AC4CDD28F47790009C2063 /* LaunchScreen.storyboard */ = {
			isa = PBXVariantGroup;
			children = (
				95AC4CDE28F47790009C2063 /* Base */,
			);
			name = LaunchScreen.storyboard;
			sourceTree = "<group>";
		};
/* End PBXVariantGroup section */

/* Begin XCBuildConfiguration section */
		95AC4CE128F47790009C2063 /* Debug */ = {
			isa = XCBuildConfiguration;
			buildSettings = {
				ALWAYS_SEARCH_USER_PATHS = NO;
				CLANG_ANALYZER_NONNULL = YES;
				CLANG_ANALYZER_NUMBER_OBJECT_CONVERSION = YES_AGGRESSIVE;
				CLANG_CXX_LANGUAGE_STANDARD = "gnu++17";
				CLANG_CXX_LIBRARY = "libc++";
				CLANG_ENABLE_MODULES = YES;
				CLANG_ENABLE_OBJC_ARC = YES;
				CLANG_ENABLE_OBJC_WEAK = YES;
				CLANG_WARN_BLOCK_CAPTURE_AUTORELEASING = YES;
				CLANG_WARN_BOOL_CONVERSION = YES;
				CLANG_WARN_COMMA = YES;
				CLANG_WARN_CONSTANT_CONVERSION = YES;
				CLANG_WARN_DEPRECATED_OBJC_IMPLEMENTATIONS = YES;
				CLANG_WARN_DIRECT_OBJC_ISA_USAGE = YES_ERROR;
				CLANG_WARN_DOCUMENTATION_COMMENTS = YES;
				CLANG_WARN_EMPTY_BODY = YES;
				CLANG_WARN_ENUM_CONVERSION = YES;
				CLANG_WARN_INFINITE_RECURSION = YES;
				CLANG_WARN_INT_CONVERSION = YES;
				CLANG_WARN_NON_LITERAL_NULL_CONVERSION = YES;
				CLANG_WARN_OBJC_IMPLICIT_RETAIN_SELF = YES;
				CLANG_WARN_OBJC_LITERAL_CONVERSION = YES;
				CLANG_WARN_OBJC_ROOT_CLASS = YES_ERROR;
				CLANG_WARN_QUOTED_INCLUDE_IN_FRAMEWORK_HEADER = YES;
				CLANG_WARN_RANGE_LOOP_ANALYSIS = YES;
				CLANG_WARN_STRICT_PROTOTYPES = YES;
				CLANG_WARN_SUSPICIOUS_MOVE = YES;
				CLANG_WARN_UNGUARDED_AVAILABILITY = YES_AGGRESSIVE;
				CLANG_WARN_UNREACHABLE_CODE = YES;
				CLANG_WARN__DUPLICATE_METHOD_MATCH = YES;
				COPY_PHASE_STRIP = NO;
				DEBUG_INFORMATION_FORMAT = dwarf;
				ENABLE_STRICT_OBJC_MSGSEND = YES;
				ENABLE_TESTABILITY = YES;
				GCC_C_LANGUAGE_STANDARD = gnu11;
				GCC_DYNAMIC_NO_PIC = NO;
				GCC_NO_COMMON_BLOCKS = YES;
				GCC_OPTIMIZATION_LEVEL = 0;
				GCC_PREPROCESSOR_DEFINITIONS = (
					"DEBUG=1",
					"$(inherited)",
				);
				GCC_WARN_64_TO_32_BIT_CONVERSION = YES;
				GCC_WARN_ABOUT_RETURN_TYPE = YES_ERROR;
				GCC_WARN_UNDECLARED_SELECTOR = YES;
				GCC_WARN_UNINITIALIZED_AUTOS = YES_AGGRESSIVE;
				GCC_WARN_UNUSED_FUNCTION = YES;
				GCC_WARN_UNUSED_VARIABLE = YES;
				IPHONEOS_DEPLOYMENT_TARGET = 15.2;
				MTL_ENABLE_DEBUG_INFO = INCLUDE_SOURCE;
				MTL_FAST_MATH = YES;
				ONLY_ACTIVE_ARCH = YES;
				SDKROOT = iphoneos;
				SWIFT_ACTIVE_COMPILATION_CONDITIONS = DEBUG;
				SWIFT_OPTIMIZATION_LEVEL = "-Onone";
			};
			name = Debug;
		};
		95AC4CE228F47790009C2063 /* Release */ = {
			isa = XCBuildConfiguration;
			buildSettings = {
				ALWAYS_SEARCH_USER_PATHS = NO;
				CLANG_ANALYZER_NONNULL = YES;
				CLANG_ANALYZER_NUMBER_OBJECT_CONVERSION = YES_AGGRESSIVE;
				CLANG_CXX_LANGUAGE_STANDARD = "gnu++17";
				CLANG_CXX_LIBRARY = "libc++";
				CLANG_ENABLE_MODULES = YES;
				CLANG_ENABLE_OBJC_ARC = YES;
				CLANG_ENABLE_OBJC_WEAK = YES;
				CLANG_WARN_BLOCK_CAPTURE_AUTORELEASING = YES;
				CLANG_WARN_BOOL_CONVERSION = YES;
				CLANG_WARN_COMMA = YES;
				CLANG_WARN_CONSTANT_CONVERSION = YES;
				CLANG_WARN_DEPRECATED_OBJC_IMPLEMENTATIONS = YES;
				CLANG_WARN_DIRECT_OBJC_ISA_USAGE = YES_ERROR;
				CLANG_WARN_DOCUMENTATION_COMMENTS = YES;
				CLANG_WARN_EMPTY_BODY = YES;
				CLANG_WARN_ENUM_CONVERSION = YES;
				CLANG_WARN_INFINITE_RECURSION = YES;
				CLANG_WARN_INT_CONVERSION = YES;
				CLANG_WARN_NON_LITERAL_NULL_CONVERSION = YES;
				CLANG_WARN_OBJC_IMPLICIT_RETAIN_SELF = YES;
				CLANG_WARN_OBJC_LITERAL_CONVERSION = YES;
				CLANG_WARN_OBJC_ROOT_CLASS = YES_ERROR;
				CLANG_WARN_QUOTED_INCLUDE_IN_FRAMEWORK_HEADER = YES;
				CLANG_WARN_RANGE_LOOP_ANALYSIS = YES;
				CLANG_WARN_STRICT_PROTOTYPES = YES;
				CLANG_WARN_SUSPICIOUS_MOVE = YES;
				CLANG_WARN_UNGUARDED_AVAILABILITY = YES_AGGRESSIVE;
				CLANG_WARN_UNREACHABLE_CODE = YES;
				CLANG_WARN__DUPLICATE_METHOD_MATCH = YES;
				COPY_PHASE_STRIP = NO;
				DEBUG_INFORMATION_FORMAT = "dwarf-with-dsym";
				ENABLE_NS_ASSERTIONS = NO;
				ENABLE_STRICT_OBJC_MSGSEND = YES;
				GCC_C_LANGUAGE_STANDARD = gnu11;
				GCC_NO_COMMON_BLOCKS = YES;
				GCC_WARN_64_TO_32_BIT_CONVERSION = YES;
				GCC_WARN_ABOUT_RETURN_TYPE = YES_ERROR;
				GCC_WARN_UNDECLARED_SELECTOR = YES;
				GCC_WARN_UNINITIALIZED_AUTOS = YES_AGGRESSIVE;
				GCC_WARN_UNUSED_FUNCTION = YES;
				GCC_WARN_UNUSED_VARIABLE = YES;
				IPHONEOS_DEPLOYMENT_TARGET = 15.2;
				MTL_ENABLE_DEBUG_INFO = NO;
				MTL_FAST_MATH = YES;
				SDKROOT = iphoneos;
				SWIFT_COMPILATION_MODE = wholemodule;
				SWIFT_OPTIMIZATION_LEVEL = "-O";
				VALIDATE_PRODUCT = YES;
			};
			name = Release;
		};
		95AC4CE428F47790009C2063 /* Debug */ = {
			isa = XCBuildConfiguration;
			buildSettings = {
				ASSETCATALOG_COMPILER_APPICON_NAME = AppIcon;
				ASSETCATALOG_COMPILER_GLOBAL_ACCENT_COLOR_NAME = AccentColor;
				CODE_SIGN_STYLE = Automatic;
				CURRENT_PROJECT_VERSION = 1;
				DEVELOPMENT_TEAM = H4QR79ZA9B;
				GENERATE_INFOPLIST_FILE = YES;
				INFOPLIST_FILE = MovieCaseStudy/Info.plist;
				INFOPLIST_KEY_UIApplicationSupportsIndirectInputEvents = YES;
				INFOPLIST_KEY_UILaunchStoryboardName = LaunchScreen;
				INFOPLIST_KEY_UIMainStoryboardFile = Main;
				INFOPLIST_KEY_UISupportedInterfaceOrientations_iPad = "UIInterfaceOrientationPortrait UIInterfaceOrientationPortraitUpsideDown UIInterfaceOrientationLandscapeLeft UIInterfaceOrientationLandscapeRight";
				INFOPLIST_KEY_UISupportedInterfaceOrientations_iPhone = "UIInterfaceOrientationPortrait UIInterfaceOrientationLandscapeLeft UIInterfaceOrientationLandscapeRight";
				LD_RUNPATH_SEARCH_PATHS = (
					"$(inherited)",
					"@executable_path/Frameworks",
				);
				MARKETING_VERSION = 1.0;
				PRODUCT_BUNDLE_IDENTIFIER = tuba.MovieCaseStudy;
				PRODUCT_NAME = "$(TARGET_NAME)";
				SWIFT_EMIT_LOC_STRINGS = YES;
				SWIFT_VERSION = 5.0;
				TARGETED_DEVICE_FAMILY = "1,2";
			};
			name = Debug;
		};
		95AC4CE528F47790009C2063 /* Release */ = {
			isa = XCBuildConfiguration;
			buildSettings = {
				ASSETCATALOG_COMPILER_APPICON_NAME = AppIcon;
				ASSETCATALOG_COMPILER_GLOBAL_ACCENT_COLOR_NAME = AccentColor;
				CODE_SIGN_STYLE = Automatic;
				CURRENT_PROJECT_VERSION = 1;
				DEVELOPMENT_TEAM = H4QR79ZA9B;
				GENERATE_INFOPLIST_FILE = YES;
				INFOPLIST_FILE = MovieCaseStudy/Info.plist;
				INFOPLIST_KEY_UIApplicationSupportsIndirectInputEvents = YES;
				INFOPLIST_KEY_UILaunchStoryboardName = LaunchScreen;
				INFOPLIST_KEY_UIMainStoryboardFile = Main;
				INFOPLIST_KEY_UISupportedInterfaceOrientations_iPad = "UIInterfaceOrientationPortrait UIInterfaceOrientationPortraitUpsideDown UIInterfaceOrientationLandscapeLeft UIInterfaceOrientationLandscapeRight";
				INFOPLIST_KEY_UISupportedInterfaceOrientations_iPhone = "UIInterfaceOrientationPortrait UIInterfaceOrientationLandscapeLeft UIInterfaceOrientationLandscapeRight";
				LD_RUNPATH_SEARCH_PATHS = (
					"$(inherited)",
					"@executable_path/Frameworks",
				);
				MARKETING_VERSION = 1.0;
				PRODUCT_BUNDLE_IDENTIFIER = tuba.MovieCaseStudy;
				PRODUCT_NAME = "$(TARGET_NAME)";
				SWIFT_EMIT_LOC_STRINGS = YES;
				SWIFT_VERSION = 5.0;
				TARGETED_DEVICE_FAMILY = "1,2";
			};
			name = Release;
		};
/* End XCBuildConfiguration section */

/* Begin XCConfigurationList section */
		95AC4CC728F4778F009C2063 /* Build configuration list for PBXProject "MovieCaseStudy" */ = {
			isa = XCConfigurationList;
			buildConfigurations = (
				95AC4CE128F47790009C2063 /* Debug */,
				95AC4CE228F47790009C2063 /* Release */,
			);
			defaultConfigurationIsVisible = 0;
			defaultConfigurationName = Release;
		};
		95AC4CE328F47790009C2063 /* Build configuration list for PBXNativeTarget "MovieCaseStudy" */ = {
			isa = XCConfigurationList;
			buildConfigurations = (
				95AC4CE428F47790009C2063 /* Debug */,
				95AC4CE528F47790009C2063 /* Release */,
			);
			defaultConfigurationIsVisible = 0;
			defaultConfigurationName = Release;
		};
/* End XCConfigurationList section */

/* Begin XCRemoteSwiftPackageReference section */
		958E7E2128F49F4A00C59C32 /* XCRemoteSwiftPackageReference "AFNetworking" */ = {
			isa = XCRemoteSwiftPackageReference;
			repositoryURL = "https://github.com/AFNetworking/AFNetworking.git";
			requirement = {
				kind = upToNextMajorVersion;
				minimumVersion = 4.0.0;
			};
		};
		958E7E2428F4A2D900C59C32 /* XCRemoteSwiftPackageReference "Alamofire" */ = {
			isa = XCRemoteSwiftPackageReference;
			repositoryURL = "https://github.com/Alamofire/Alamofire.git";
			requirement = {
				kind = upToNextMajorVersion;
				minimumVersion = 5.0.0;
			};
		};
		95AC4CED28F47CA5009C2063 /* XCRemoteSwiftPackageReference "firebase-ios-sdk" */ = {
			isa = XCRemoteSwiftPackageReference;
			repositoryURL = "https://github.com/firebase/firebase-ios-sdk";
			requirement = {
				branch = master;
				kind = branch;
			};
		};
/* End XCRemoteSwiftPackageReference section */

/* Begin XCSwiftPackageProductDependency section */
		958E7E2228F49F4A00C59C32 /* AFNetworking */ = {
			isa = XCSwiftPackageProductDependency;
			package = 958E7E2128F49F4A00C59C32 /* XCRemoteSwiftPackageReference "AFNetworking" */;
			productName = AFNetworking;
		};
		958E7E2528F4A2D900C59C32 /* Alamofire */ = {
			isa = XCSwiftPackageProductDependency;
			package = 958E7E2428F4A2D900C59C32 /* XCRemoteSwiftPackageReference "Alamofire" */;
			productName = Alamofire;
		};
		95AC4CEE28F47CA5009C2063 /* FirebaseAnalytics */ = {
			isa = XCSwiftPackageProductDependency;
			package = 95AC4CED28F47CA5009C2063 /* XCRemoteSwiftPackageReference "firebase-ios-sdk" */;
			productName = FirebaseAnalytics;
		};
		95AC4CF028F47CA5009C2063 /* FirebaseAnalyticsOnDeviceConversion */ = {
			isa = XCSwiftPackageProductDependency;
			package = 95AC4CED28F47CA5009C2063 /* XCRemoteSwiftPackageReference "firebase-ios-sdk" */;
			productName = FirebaseAnalyticsOnDeviceConversion;
		};
		95AC4CF228F47CA5009C2063 /* FirebaseAnalyticsSwift */ = {
			isa = XCSwiftPackageProductDependency;
			package = 95AC4CED28F47CA5009C2063 /* XCRemoteSwiftPackageReference "firebase-ios-sdk" */;
			productName = FirebaseAnalyticsSwift;
		};
		95AC4CF428F47CA5009C2063 /* FirebaseAnalyticsWithoutAdIdSupport */ = {
			isa = XCSwiftPackageProductDependency;
			package = 95AC4CED28F47CA5009C2063 /* XCRemoteSwiftPackageReference "firebase-ios-sdk" */;
			productName = FirebaseAnalyticsWithoutAdIdSupport;
		};
		95AC4CF628F47CA5009C2063 /* FirebaseInAppMessagingSwift-Beta */ = {
			isa = XCSwiftPackageProductDependency;
			package = 95AC4CED28F47CA5009C2063 /* XCRemoteSwiftPackageReference "firebase-ios-sdk" */;
			productName = "FirebaseInAppMessagingSwift-Beta";
		};
		95AC4CF828F47CA5009C2063 /* FirebaseMessaging */ = {
			isa = XCSwiftPackageProductDependency;
			package = 95AC4CED28F47CA5009C2063 /* XCRemoteSwiftPackageReference "firebase-ios-sdk" */;
			productName = FirebaseMessaging;
		};
		95AC4CFA28F47CA5009C2063 /* FirebaseRemoteConfig */ = {
			isa = XCSwiftPackageProductDependency;
			package = 95AC4CED28F47CA5009C2063 /* XCRemoteSwiftPackageReference "firebase-ios-sdk" */;
			productName = FirebaseRemoteConfig;
		};
		95AC4CFC28F47CA5009C2063 /* FirebaseRemoteConfigSwift */ = {
			isa = XCSwiftPackageProductDependency;
			package = 95AC4CED28F47CA5009C2063 /* XCRemoteSwiftPackageReference "firebase-ios-sdk" */;
			productName = FirebaseRemoteConfigSwift;
		};
/* End XCSwiftPackageProductDependency section */

/* Begin XCVersionGroup section */
		95AC4CD828F4778F009C2063 /* MovieCaseStudy.xcdatamodeld */ = {
			isa = XCVersionGroup;
			children = (
				95AC4CD928F4778F009C2063 /* MovieCaseStudy.xcdatamodel */,
			);
			currentVersion = 95AC4CD928F4778F009C2063 /* MovieCaseStudy.xcdatamodel */;
			path = MovieCaseStudy.xcdatamodeld;
			sourceTree = "<group>";
			versionGroupType = wrapper.xcdatamodel;
		};
/* End XCVersionGroup section */
	};
	rootObject = 95AC4CC428F4778F009C2063 /* Project object */;
}
